
Microsoft Visual Studio Solution File, Format Version 12.00
# Visual Studio 14
VisualStudioVersion = 14.0.25420.1
MinimumVisualStudioVersion = 10.0.40219.1
Project("{FAE04EC0-301F-11D3-BF4B-00C04F79EFBC}") = "socket", "socket\socket.csproj", "{5E69E435-AA4A-47E4-BF17-D78862FA618E}"
EndProject
Project("{FAE04EC0-301F-11D3-BF4B-00C04F79EFBC}") = "Client", "Client\Client.csproj", "{421D7429-6276-455F-A856-D8AD3E573C7D}"
EndProject
Global
	GlobalSection(SolutionConfigurationPlatforms) = preSolution
		Debug|Any CPU = Debug|Any CPU
		Release|Any CPU = Release|Any CPU
	EndGlobalSection
	GlobalSection(ProjectConfigurationPlatforms) = postSolution
		{5E69E435-AA4A-47E4-BF17-D78862FA618E}.Debug|Any CPU.ActiveCfg = Debug|Any CPU
		{5E69E435-AA4A-47E4-BF17-D78862FA618E}.Debug|Any CPU.Build.0 = Debug|Any CPU
		{5E69E435-AA4A-47E4-BF17-D78862FA618E}.Release|Any CPU.ActiveCfg = Release|Any CPU
		{5E69E435-AA4A-47E4-BF17-D78862FA618E}.Release|Any CPU.Build.0 = Release|Any CPU
		{421D7429-6276-455F-A856-D8AD3E573C7D}.Debug|Any CPU.ActiveCfg = Debug|Any CPU
		{421D7429-6276-455F-A856-D8AD3E573C7D}.Debug|Any CPU.Build.0 = Debug|Any CPU
		{421D7429-6276-455F-A856-D8AD3E573C7D}.Release|Any CPU.ActiveCfg = Release|Any CPU
		{421D7429-6276-455F-A856-D8AD3E573C7D}.Release|Any CPU.Build.0 = Release|Any CPU
	EndGlobalSection
	GlobalSection(SolutionProperties) = preSolution
		HideSolutionNode = FALSE
	EndGlobalSection
EndGlobal
